
Microsoft Visual Studio Solution File, Format Version 12.00
# Visual Studio 15
VisualStudioVersion = 15.0.28307.852
MinimumVisualStudioVersion = 10.0.40219.1
Project("{8BC9CEB8-8B4A-11D0-8D11-00A0C91BC942}") = "abc_plusplus", "abc_plusplus\abc_plusplus.vcxproj", "{A0BBC607-D0EE-4736-AA38-0B55F1B00F66}"
EndProject
Global
	GlobalSection(SolutionConfigurationPlatforms) = preSolution
		CppDebug|x64 = CppDebug|x64
		CppDebug|x86 = CppDebug|x86
		CppRelease|x64 = CppRelease|x64
		CppRelease|x86 = CppRelease|x86
		Debug|x64 = Debug|x64
		Debug|x86 = Debug|x86
		Release|x64 = Release|x64
		Release|x86 = Release|x86
	EndGlobalSection
	GlobalSection(ProjectConfigurationPlatforms) = postSolution
		{A0BBC607-D0EE-4736-AA38-0B55F1B00F66}.CppDebug|x64.ActiveCfg = CppDebug|x64
		{A0BBC607-D0EE-4736-AA38-0B55F1B00F66}.CppDebug|x64.Build.0 = CppDebug|x64
		{A0BBC607-D0EE-4736-AA38-0B55F1B00F66}.CppDebug|x86.ActiveCfg = CppDebug|Win32
		{A0BBC607-D0EE-4736-AA38-0B55F1B00F66}.CppDebug|x86.Build.0 = CppDebug|Win32
		{A0BBC607-D0EE-4736-AA38-0B55F1B00F66}.CppRelease|x64.ActiveCfg = CppRelease|x64
		{A0BBC607-D0EE-4736-AA38-0B55F1B00F66}.CppRelease|x64.Build.0 = CppRelease|x64
		{A0BBC607-D0EE-4736-AA38-0B55F1B00F66}.CppRelease|x86.ActiveCfg = CppRelease|Win32
		{A0BBC607-D0EE-4736-AA38-0B55F1B00F66}.CppRelease|x86.Build.0 = CppRelease|Win32
		{A0BBC607-D0EE-4736-AA38-0B55F1B00F66}.Debug|x64.ActiveCfg = Debug|x64
		{A0BBC607-D0EE-4736-AA38-0B55F1B00F66}.Debug|x64.Build.0 = Debug|x64
		{A0BBC607-D0EE-4736-AA38-0B55F1B00F66}.Debug|x86.ActiveCfg = Debug|Win32
		{A0BBC607-D0EE-4736-AA38-0B55F1B00F66}.Debug|x86.Build.0 = Debug|Win32
		{A0BBC607-D0EE-4736-AA38-0B55F1B00F66}.Release|x64.ActiveCfg = Release|x64
		{A0BBC607-D0EE-4736-AA38-0B55F1B00F66}.Release|x64.Build.0 = Release|x64
		{A0BBC607-D0EE-4736-AA38-0B55F1B00F66}.Release|x86.ActiveCfg = Release|Win32
		{A0BBC607-D0EE-4736-AA38-0B55F1B00F66}.Release|x86.Build.0 = Release|Win32
	EndGlobalSection
	GlobalSection(SolutionProperties) = preSolution
		HideSolutionNode = FALSE
	EndGlobalSection
	GlobalSection(ExtensibilityGlobals) = postSolution
		SolutionGuid = {C612AC5D-BEDB-4BBC-BD2F-B5D0BB919359}
	EndGlobalSection
EndGlobal
